
Microsoft Visual Studio Solution File, Format Version 12.00
# Visual Studio Version 16
VisualStudioVersion = 16.0.31025.194
MinimumVisualStudioVersion = 10.0.40219.1
Project("{2150E333-8FDC-42A3-9474-1A3956D46DE8}") = "Source", "Source", "{C2CE7F80-5122-44B1-8B36-9CC0838CAE07}"
EndProject
Project("{FAE04EC0-301F-11D3-BF4B-00C04F79EFBC}") = "LD.DocMan.Domain", "Source\Core\LD.DocMan.Domain\LD.DocMan.Domain.csproj", "{DE73929F-4825-40AB-8C6A-E750CB95A63E}"
EndProject
Project("{2150E333-8FDC-42A3-9474-1A3956D46DE8}") = "Core", "Core", "{FAE5661F-AF03-4277-9DAE-42C070399076}"
EndProject
Project("{2150E333-8FDC-42A3-9474-1A3956D46DE8}") = "API", "API", "{7F3B7629-8E82-4BC3-95E4-477A83BAC818}"
EndProject
Project("{2150E333-8FDC-42A3-9474-1A3956D46DE8}") = "Infrastructure", "Infrastructure", "{CD963E79-791E-4B3C-BC69-F3338D92CDAC}"
EndProject
Project("{2150E333-8FDC-42A3-9474-1A3956D46DE8}") = "UI", "UI", "{D2ABCA51-486A-4C26-B00C-149DD4678005}"
EndProject
Project("{FAE04EC0-301F-11D3-BF4B-00C04F79EFBC}") = "LD.DocMan.Application", "Source\Core\LD.DocMan.Application\LD.DocMan.Application.csproj", "{B7221A8B-DF16-46D6-A668-5E0BC0826BEA}"
EndProject
Project("{FAE04EC0-301F-11D3-BF4B-00C04F79EFBC}") = "LD.DocMan.Persistence", "Source\Infrastructure\LD.DocMan.Persistence\LD.DocMan.Persistence.csproj", "{77C35831-263F-4B8B-BA40-644FA716358D}"
EndProject
Project("{FAE04EC0-301F-11D3-BF4B-00C04F79EFBC}") = "LD.DocMan.API", "Source\API\LD.DocMan.API\LD.DocMan.API.csproj", "{56E59972-2421-4C5B-AE83-0DEA19C60B97}"
EndProject
Project("{FAE04EC0-301F-11D3-BF4B-00C04F79EFBC}") = "LD.DocMan.Infrastructure", "Source\Infrastructure\LD.DocMan.Infrastructure\LD.DocMan.Infrastructure.csproj", "{BBC84F88-1928-4745-9FA7-65E27DC98F13}"
EndProject
Global
	GlobalSection(SolutionConfigurationPlatforms) = preSolution
		Debug|Any CPU = Debug|Any CPU
		Release|Any CPU = Release|Any CPU
	EndGlobalSection
	GlobalSection(ProjectConfigurationPlatforms) = postSolution
		{DE73929F-4825-40AB-8C6A-E750CB95A63E}.Debug|Any CPU.ActiveCfg = Debug|Any CPU
		{DE73929F-4825-40AB-8C6A-E750CB95A63E}.Debug|Any CPU.Build.0 = Debug|Any CPU
		{DE73929F-4825-40AB-8C6A-E750CB95A63E}.Release|Any CPU.ActiveCfg = Release|Any CPU
		{DE73929F-4825-40AB-8C6A-E750CB95A63E}.Release|Any CPU.Build.0 = Release|Any CPU
		{B7221A8B-DF16-46D6-A668-5E0BC0826BEA}.Debug|Any CPU.ActiveCfg = Debug|Any CPU
		{B7221A8B-DF16-46D6-A668-5E0BC0826BEA}.Debug|Any CPU.Build.0 = Debug|Any CPU
		{B7221A8B-DF16-46D6-A668-5E0BC0826BEA}.Release|Any CPU.ActiveCfg = Release|Any CPU
		{B7221A8B-DF16-46D6-A668-5E0BC0826BEA}.Release|Any CPU.Build.0 = Release|Any CPU
		{77C35831-263F-4B8B-BA40-644FA716358D}.Debug|Any CPU.ActiveCfg = Debug|Any CPU
		{77C35831-263F-4B8B-BA40-644FA716358D}.Debug|Any CPU.Build.0 = Debug|Any CPU
		{77C35831-263F-4B8B-BA40-644FA716358D}.Release|Any CPU.ActiveCfg = Release|Any CPU
		{77C35831-263F-4B8B-BA40-644FA716358D}.Release|Any CPU.Build.0 = Release|Any CPU
		{56E59972-2421-4C5B-AE83-0DEA19C60B97}.Debug|Any CPU.ActiveCfg = Debug|Any CPU
		{56E59972-2421-4C5B-AE83-0DEA19C60B97}.Debug|Any CPU.Build.0 = Debug|Any CPU
		{56E59972-2421-4C5B-AE83-0DEA19C60B97}.Release|Any CPU.ActiveCfg = Release|Any CPU
		{56E59972-2421-4C5B-AE83-0DEA19C60B97}.Release|Any CPU.Build.0 = Release|Any CPU
		{BBC84F88-1928-4745-9FA7-65E27DC98F13}.Debug|Any CPU.ActiveCfg = Debug|Any CPU
		{BBC84F88-1928-4745-9FA7-65E27DC98F13}.Debug|Any CPU.Build.0 = Debug|Any CPU
		{BBC84F88-1928-4745-9FA7-65E27DC98F13}.Release|Any CPU.ActiveCfg = Release|Any CPU
		{BBC84F88-1928-4745-9FA7-65E27DC98F13}.Release|Any CPU.Build.0 = Release|Any CPU
	EndGlobalSection
	GlobalSection(SolutionProperties) = preSolution
		HideSolutionNode = FALSE
	EndGlobalSection
	GlobalSection(NestedProjects) = preSolution
		{DE73929F-4825-40AB-8C6A-E750CB95A63E} = {FAE5661F-AF03-4277-9DAE-42C070399076}
		{FAE5661F-AF03-4277-9DAE-42C070399076} = {C2CE7F80-5122-44B1-8B36-9CC0838CAE07}
		{7F3B7629-8E82-4BC3-95E4-477A83BAC818} = {C2CE7F80-5122-44B1-8B36-9CC0838CAE07}
		{CD963E79-791E-4B3C-BC69-F3338D92CDAC} = {C2CE7F80-5122-44B1-8B36-9CC0838CAE07}
		{D2ABCA51-486A-4C26-B00C-149DD4678005} = {C2CE7F80-5122-44B1-8B36-9CC0838CAE07}
		{B7221A8B-DF16-46D6-A668-5E0BC0826BEA} = {FAE5661F-AF03-4277-9DAE-42C070399076}
		{77C35831-263F-4B8B-BA40-644FA716358D} = {CD963E79-791E-4B3C-BC69-F3338D92CDAC}
		{56E59972-2421-4C5B-AE83-0DEA19C60B97} = {7F3B7629-8E82-4BC3-95E4-477A83BAC818}
		{BBC84F88-1928-4745-9FA7-65E27DC98F13} = {CD963E79-791E-4B3C-BC69-F3338D92CDAC}
	EndGlobalSection
	GlobalSection(ExtensibilityGlobals) = postSolution
		SolutionGuid = {5DDA3E64-F472-48E9-9E8C-F9436A22FB37}
	EndGlobalSection
EndGlobal
